// !$*UTF8*$!
{
	archiveVersion = 1;
	classes = {
	};
	objectVersion = 55;
	objects = {

/* Begin PBXBuildFile section */
		BA4BF05128109E000073C200 /* AppDelegate.swift in Sources */ = {isa = PBXBuildFile; fileRef = BA4BF05028109E000073C200 /* AppDelegate.swift */; };
		BA4BF05328109E000073C200 /* SceneDelegate.swift in Sources */ = {isa = PBXBuildFile; fileRef = BA4BF05228109E000073C200 /* SceneDelegate.swift */; };
		BA4BF05A28109E030073C200 /* Assets.xcassets in Resources */ = {isa = PBXBuildFile; fileRef = BA4BF05928109E030073C200 /* Assets.xcassets */; };
		BA4BF05D28109E030073C200 /* LaunchScreen.storyboard in Resources */ = {isa = PBXBuildFile; fileRef = BA4BF05B28109E030073C200 /* LaunchScreen.storyboard */; };
		BA4BF06828109E030073C200 /* MVVMCAppTests.swift in Sources */ = {isa = PBXBuildFile; fileRef = BA4BF06728109E030073C200 /* MVVMCAppTests.swift */; };
		BA4BF07228109E030073C200 /* MVVMCAppUITests.swift in Sources */ = {isa = PBXBuildFile; fileRef = BA4BF07128109E030073C200 /* MVVMCAppUITests.swift */; };
		BA4BF07428109E030073C200 /* MVVMCAppUITestsLaunchTests.swift in Sources */ = {isa = PBXBuildFile; fileRef = BA4BF07328109E030073C200 /* MVVMCAppUITestsLaunchTests.swift */; };
		BA4BF08428109FB20073C200 /* LoginViewModel.swift in Sources */ = {isa = PBXBuildFile; fileRef = BA4BF08328109FB20073C200 /* LoginViewModel.swift */; };
		BA4BF08528109FB20073C200 /* LoginViewModel.swift in Sources */ = {isa = PBXBuildFile; fileRef = BA4BF08328109FB20073C200 /* LoginViewModel.swift */; };
		BA4BF08628109FB20073C200 /* LoginViewModel.swift in Sources */ = {isa = PBXBuildFile; fileRef = BA4BF08328109FB20073C200 /* LoginViewModel.swift */; };
		BA4BF08828109FBD0073C200 /* LoginViewController.swift in Sources */ = {isa = PBXBuildFile; fileRef = BA4BF08728109FBD0073C200 /* LoginViewController.swift */; };
		BA4BF08928109FBD0073C200 /* LoginViewController.swift in Sources */ = {isa = PBXBuildFile; fileRef = BA4BF08728109FBD0073C200 /* LoginViewController.swift */; };
		BA4BF08A28109FBD0073C200 /* LoginViewController.swift in Sources */ = {isa = PBXBuildFile; fileRef = BA4BF08728109FBD0073C200 /* LoginViewController.swift */; };
		BA4BF08C2810A49A0073C200 /* LoginViewController.xib in Resources */ = {isa = PBXBuildFile; fileRef = BA4BF08B2810A49A0073C200 /* LoginViewController.xib */; };
		BA4BF08D2810A49A0073C200 /* LoginViewController.xib in Resources */ = {isa = PBXBuildFile; fileRef = BA4BF08B2810A49A0073C200 /* LoginViewController.xib */; };
		BA4BF08E2810A49A0073C200 /* LoginViewController.xib in Resources */ = {isa = PBXBuildFile; fileRef = BA4BF08B2810A49A0073C200 /* LoginViewController.xib */; };
		BA4BF0922810AB490073C200 /* StringsListViewModel.swift in Sources */ = {isa = PBXBuildFile; fileRef = BA4BF0912810AB490073C200 /* StringsListViewModel.swift */; };
		BA4BF0932810AB490073C200 /* StringsListViewModel.swift in Sources */ = {isa = PBXBuildFile; fileRef = BA4BF0912810AB490073C200 /* StringsListViewModel.swift */; };
		BA4BF0942810AB490073C200 /* StringsListViewModel.swift in Sources */ = {isa = PBXBuildFile; fileRef = BA4BF0912810AB490073C200 /* StringsListViewModel.swift */; };
		BA4BF0972810AB7F0073C200 /* StringsListViewController.swift in Sources */ = {isa = PBXBuildFile; fileRef = BA4BF0952810AB7F0073C200 /* StringsListViewController.swift */; };
		BA4BF0982810AB7F0073C200 /* StringsListViewController.swift in Sources */ = {isa = PBXBuildFile; fileRef = BA4BF0952810AB7F0073C200 /* StringsListViewController.swift */; };
		BA4BF0992810AB7F0073C200 /* StringsListViewController.swift in Sources */ = {isa = PBXBuildFile; fileRef = BA4BF0952810AB7F0073C200 /* StringsListViewController.swift */; };
		BA4BF09A2810AB7F0073C200 /* StringsListViewController.xib in Resources */ = {isa = PBXBuildFile; fileRef = BA4BF0962810AB7F0073C200 /* StringsListViewController.xib */; };
		BA4BF09B2810AB7F0073C200 /* StringsListViewController.xib in Resources */ = {isa = PBXBuildFile; fileRef = BA4BF0962810AB7F0073C200 /* StringsListViewController.xib */; };
		BA4BF09C2810AB7F0073C200 /* StringsListViewController.xib in Resources */ = {isa = PBXBuildFile; fileRef = BA4BF0962810AB7F0073C200 /* StringsListViewController.xib */; };
		BA6BD75528113E2A0079D399 /* AppCoordinator.swift in Sources */ = {isa = PBXBuildFile; fileRef = BA6BD75428113E2A0079D399 /* AppCoordinator.swift */; };
		BA6BD75628113E2A0079D399 /* AppCoordinator.swift in Sources */ = {isa = PBXBuildFile; fileRef = BA6BD75428113E2A0079D399 /* AppCoordinator.swift */; };
		BA6BD75728113E2A0079D399 /* AppCoordinator.swift in Sources */ = {isa = PBXBuildFile; fileRef = BA6BD75428113E2A0079D399 /* AppCoordinator.swift */; };
		BA6BD75928114B290079D399 /* LoginCoordinator.swift in Sources */ = {isa = PBXBuildFile; fileRef = BA6BD75828114B290079D399 /* LoginCoordinator.swift */; };
		BA6BD75A28114B290079D399 /* LoginCoordinator.swift in Sources */ = {isa = PBXBuildFile; fileRef = BA6BD75828114B290079D399 /* LoginCoordinator.swift */; };
		BA6BD75B28114B290079D399 /* LoginCoordinator.swift in Sources */ = {isa = PBXBuildFile; fileRef = BA6BD75828114B290079D399 /* LoginCoordinator.swift */; };
		BA6BD75D28114B4E0079D399 /* StringsListCoordinator.swift in Sources */ = {isa = PBXBuildFile; fileRef = BA6BD75C28114B4E0079D399 /* StringsListCoordinator.swift */; };
		BA6BD75E28114B4E0079D399 /* StringsListCoordinator.swift in Sources */ = {isa = PBXBuildFile; fileRef = BA6BD75C28114B4E0079D399 /* StringsListCoordinator.swift */; };
		BA6BD75F28114B4E0079D399 /* StringsListCoordinator.swift in Sources */ = {isa = PBXBuildFile; fileRef = BA6BD75C28114B4E0079D399 /* StringsListCoordinator.swift */; };
		BA6BD7622811527F0079D399 /* Coordinator.swift in Sources */ = {isa = PBXBuildFile; fileRef = BA6BD7612811527F0079D399 /* Coordinator.swift */; };
		BA6BD7632811527F0079D399 /* Coordinator.swift in Sources */ = {isa = PBXBuildFile; fileRef = BA6BD7612811527F0079D399 /* Coordinator.swift */; };
		BA6BD7642811527F0079D399 /* Coordinator.swift in Sources */ = {isa = PBXBuildFile; fileRef = BA6BD7612811527F0079D399 /* Coordinator.swift */; };
		BA6BD768281165B70079D399 /* RandomStringCell.swift in Sources */ = {isa = PBXBuildFile; fileRef = BA6BD766281165B70079D399 /* RandomStringCell.swift */; };
		BA6BD769281165B70079D399 /* RandomStringCell.swift in Sources */ = {isa = PBXBuildFile; fileRef = BA6BD766281165B70079D399 /* RandomStringCell.swift */; };
		BA6BD76A281165B70079D399 /* RandomStringCell.swift in Sources */ = {isa = PBXBuildFile; fileRef = BA6BD766281165B70079D399 /* RandomStringCell.swift */; };
		BA6BD76B281165B70079D399 /* RandomStringCell.xib in Resources */ = {isa = PBXBuildFile; fileRef = BA6BD767281165B70079D399 /* RandomStringCell.xib */; };
		BA6BD76C281165B70079D399 /* RandomStringCell.xib in Resources */ = {isa = PBXBuildFile; fileRef = BA6BD767281165B70079D399 /* RandomStringCell.xib */; };
		BA6BD76D281165B70079D399 /* RandomStringCell.xib in Resources */ = {isa = PBXBuildFile; fileRef = BA6BD767281165B70079D399 /* RandomStringCell.xib */; };
		BA6BD7712811749E0079D399 /* Endpoint.swift in Sources */ = {isa = PBXBuildFile; fileRef = BA6BD7702811749E0079D399 /* Endpoint.swift */; };
		BA6BD7722811749E0079D399 /* Endpoint.swift in Sources */ = {isa = PBXBuildFile; fileRef = BA6BD7702811749E0079D399 /* Endpoint.swift */; };
		BA6BD7732811749E0079D399 /* Endpoint.swift in Sources */ = {isa = PBXBuildFile; fileRef = BA6BD7702811749E0079D399 /* Endpoint.swift */; };
		BA6BD775281175870079D399 /* NetworkService.swift in Sources */ = {isa = PBXBuildFile; fileRef = BA6BD774281175870079D399 /* NetworkService.swift */; };
		BA6BD776281175870079D399 /* NetworkService.swift in Sources */ = {isa = PBXBuildFile; fileRef = BA6BD774281175870079D399 /* NetworkService.swift */; };
		BA6BD777281175870079D399 /* NetworkService.swift in Sources */ = {isa = PBXBuildFile; fileRef = BA6BD774281175870079D399 /* NetworkService.swift */; };
		BA6BD7792811775F0079D399 /* RandomStringURLBuilder.swift in Sources */ = {isa = PBXBuildFile; fileRef = BA6BD7782811775F0079D399 /* RandomStringURLBuilder.swift */; };
		BA6BD77A2811775F0079D399 /* RandomStringURLBuilder.swift in Sources */ = {isa = PBXBuildFile; fileRef = BA6BD7782811775F0079D399 /* RandomStringURLBuilder.swift */; };
		BA6BD77B2811775F0079D399 /* RandomStringURLBuilder.swift in Sources */ = {isa = PBXBuildFile; fileRef = BA6BD7782811775F0079D399 /* RandomStringURLBuilder.swift */; };
/* End PBXBuildFile section */

/* Begin PBXContainerItemProxy section */
		BA4BF06428109E030073C200 /* PBXContainerItemProxy */ = {
			isa = PBXContainerItemProxy;
			containerPortal = BA4BF04528109E000073C200 /* Project object */;
			proxyType = 1;
			remoteGlobalIDString = BA4BF04C28109E000073C200;
			remoteInfo = MVVMCApp;
		};
		BA4BF06E28109E030073C200 /* PBXContainerItemProxy */ = {
			isa = PBXContainerItemProxy;
			containerPortal = BA4BF04528109E000073C200 /* Project object */;
			proxyType = 1;
			remoteGlobalIDString = BA4BF04C28109E000073C200;
			remoteInfo = MVVMCApp;
		};
/* End PBXContainerItemProxy section */

/* Begin PBXFileReference section */
		BA4BF04D28109E000073C200 /* MVVMCApp.app */ = {isa = PBXFileReference; explicitFileType = wrapper.application; includeInIndex = 0; path = MVVMCApp.app; sourceTree = BUILT_PRODUCTS_DIR; };
		BA4BF05028109E000073C200 /* AppDelegate.swift */ = {isa = PBXFileReference; lastKnownFileType = sourcecode.swift; path = AppDelegate.swift; sourceTree = "<group>"; };
		BA4BF05228109E000073C200 /* SceneDelegate.swift */ = {isa = PBXFileReference; lastKnownFileType = sourcecode.swift; path = SceneDelegate.swift; sourceTree = "<group>"; };
		BA4BF05928109E030073C200 /* Assets.xcassets */ = {isa = PBXFileReference; lastKnownFileType = folder.assetcatalog; path = Assets.xcassets; sourceTree = "<group>"; };
		BA4BF05C28109E030073C200 /* Base */ = {isa = PBXFileReference; lastKnownFileType = file.storyboard; name = Base; path = Base.lproj/LaunchScreen.storyboard; sourceTree = "<group>"; };
		BA4BF05E28109E030073C200 /* Info.plist */ = {isa = PBXFileReference; lastKnownFileType = text.plist.xml; path = Info.plist; sourceTree = "<group>"; };
		BA4BF06328109E030073C200 /* MVVMCAppTests.xctest */ = {isa = PBXFileReference; explicitFileType = wrapper.cfbundle; includeInIndex = 0; path = MVVMCAppTests.xctest; sourceTree = BUILT_PRODUCTS_DIR; };
		BA4BF06728109E030073C200 /* MVVMCAppTests.swift */ = {isa = PBXFileReference; lastKnownFileType = sourcecode.swift; path = MVVMCAppTests.swift; sourceTree = "<group>"; };
		BA4BF06D28109E030073C200 /* MVVMCAppUITests.xctest */ = {isa = PBXFileReference; explicitFileType = wrapper.cfbundle; includeInIndex = 0; path = MVVMCAppUITests.xctest; sourceTree = BUILT_PRODUCTS_DIR; };
		BA4BF07128109E030073C200 /* MVVMCAppUITests.swift */ = {isa = PBXFileReference; lastKnownFileType = sourcecode.swift; path = MVVMCAppUITests.swift; sourceTree = "<group>"; };
		BA4BF07328109E030073C200 /* MVVMCAppUITestsLaunchTests.swift */ = {isa = PBXFileReference; lastKnownFileType = sourcecode.swift; path = MVVMCAppUITestsLaunchTests.swift; sourceTree = "<group>"; };
		BA4BF08328109FB20073C200 /* LoginViewModel.swift */ = {isa = PBXFileReference; lastKnownFileType = sourcecode.swift; path = LoginViewModel.swift; sourceTree = "<group>"; };
		BA4BF08728109FBD0073C200 /* LoginViewController.swift */ = {isa = PBXFileReference; lastKnownFileType = sourcecode.swift; path = LoginViewController.swift; sourceTree = "<group>"; };
		BA4BF08B2810A49A0073C200 /* LoginViewController.xib */ = {isa = PBXFileReference; lastKnownFileType = file.xib; path = LoginViewController.xib; sourceTree = "<group>"; };
		BA4BF0912810AB490073C200 /* StringsListViewModel.swift */ = {isa = PBXFileReference; lastKnownFileType = sourcecode.swift; path = StringsListViewModel.swift; sourceTree = "<group>"; };
		BA4BF0952810AB7F0073C200 /* StringsListViewController.swift */ = {isa = PBXFileReference; lastKnownFileType = sourcecode.swift; path = StringsListViewController.swift; sourceTree = "<group>"; };
		BA4BF0962810AB7F0073C200 /* StringsListViewController.xib */ = {isa = PBXFileReference; lastKnownFileType = file.xib; path = StringsListViewController.xib; sourceTree = "<group>"; };
		BA6BD75428113E2A0079D399 /* AppCoordinator.swift */ = {isa = PBXFileReference; lastKnownFileType = sourcecode.swift; path = AppCoordinator.swift; sourceTree = "<group>"; };
		BA6BD75828114B290079D399 /* LoginCoordinator.swift */ = {isa = PBXFileReference; lastKnownFileType = sourcecode.swift; path = LoginCoordinator.swift; sourceTree = "<group>"; };
		BA6BD75C28114B4E0079D399 /* StringsListCoordinator.swift */ = {isa = PBXFileReference; lastKnownFileType = sourcecode.swift; path = StringsListCoordinator.swift; sourceTree = "<group>"; };
		BA6BD7612811527F0079D399 /* Coordinator.swift */ = {isa = PBXFileReference; lastKnownFileType = sourcecode.swift; path = Coordinator.swift; sourceTree = "<group>"; };
		BA6BD766281165B70079D399 /* RandomStringCell.swift */ = {isa = PBXFileReference; lastKnownFileType = sourcecode.swift; path = RandomStringCell.swift; sourceTree = "<group>"; };
		BA6BD767281165B70079D399 /* RandomStringCell.xib */ = {isa = PBXFileReference; lastKnownFileType = file.xib; path = RandomStringCell.xib; sourceTree = "<group>"; };
		BA6BD7702811749E0079D399 /* Endpoint.swift */ = {isa = PBXFileReference; lastKnownFileType = sourcecode.swift; path = Endpoint.swift; sourceTree = "<group>"; };
		BA6BD774281175870079D399 /* NetworkService.swift */ = {isa = PBXFileReference; lastKnownFileType = sourcecode.swift; path = NetworkService.swift; sourceTree = "<group>"; };
		BA6BD7782811775F0079D399 /* RandomStringURLBuilder.swift */ = {isa = PBXFileReference; lastKnownFileType = sourcecode.swift; path = RandomStringURLBuilder.swift; sourceTree = "<group>"; };
/* End PBXFileReference section */

/* Begin PBXFrameworksBuildPhase section */
		BA4BF04A28109E000073C200 /* Frameworks */ = {
			isa = PBXFrameworksBuildPhase;
			buildActionMask = 2147483647;
			files = (
			);
			runOnlyForDeploymentPostprocessing = 0;
		};
		BA4BF06028109E030073C200 /* Frameworks */ = {
			isa = PBXFrameworksBuildPhase;
			buildActionMask = 2147483647;
			files = (
			);
			runOnlyForDeploymentPostprocessing = 0;
		};
		BA4BF06A28109E030073C200 /* Frameworks */ = {
			isa = PBXFrameworksBuildPhase;
			buildActionMask = 2147483647;
			files = (
			);
			runOnlyForDeploymentPostprocessing = 0;
		};
/* End PBXFrameworksBuildPhase section */

/* Begin PBXGroup section */
		BA4BF04428109E000073C200 = {
			isa = PBXGroup;
			children = (
				BA4BF04F28109E000073C200 /* MVVMCApp */,
				BA4BF06628109E030073C200 /* MVVMCAppTests */,
				BA4BF07028109E030073C200 /* MVVMCAppUITests */,
				BA4BF04E28109E000073C200 /* Products */,
			);
			sourceTree = "<group>";
		};
		BA4BF04E28109E000073C200 /* Products */ = {
			isa = PBXGroup;
			children = (
				BA4BF04D28109E000073C200 /* MVVMCApp.app */,
				BA4BF06328109E030073C200 /* MVVMCAppTests.xctest */,
				BA4BF06D28109E030073C200 /* MVVMCAppUITests.xctest */,
			);
			name = Products;
			sourceTree = "<group>";
		};
		BA4BF04F28109E000073C200 /* MVVMCApp */ = {
			isa = PBXGroup;
			children = (
				BA4BF05028109E000073C200 /* AppDelegate.swift */,
				BA4BF05228109E000073C200 /* SceneDelegate.swift */,
				BA6BD7602811526E0079D399 /* Coordinator */,
				BA6BD76E281174820079D399 /* Network */,
				BA6BD76F2811748C0079D399 /* Models */,
				BA4BF08028109F740073C200 /* Screens */,
				BA4BF05928109E030073C200 /* Assets.xcassets */,
				BA4BF05B28109E030073C200 /* LaunchScreen.storyboard */,
				BA4BF05E28109E030073C200 /* Info.plist */,
			);
			path = MVVMCApp;
			sourceTree = "<group>";
		};
		BA4BF06628109E030073C200 /* MVVMCAppTests */ = {
			isa = PBXGroup;
			children = (
				BA4BF06728109E030073C200 /* MVVMCAppTests.swift */,
			);
			path = MVVMCAppTests;
			sourceTree = "<group>";
		};
		BA4BF07028109E030073C200 /* MVVMCAppUITests */ = {
			isa = PBXGroup;
			children = (
				BA4BF07128109E030073C200 /* MVVMCAppUITests.swift */,
				BA4BF07328109E030073C200 /* MVVMCAppUITestsLaunchTests.swift */,
			);
			path = MVVMCAppUITests;
			sourceTree = "<group>";
		};
		BA4BF08028109F740073C200 /* Screens */ = {
			isa = PBXGroup;
			children = (
				BA4BF0902810AB2A0073C200 /* StringsList */,
				BA4BF08128109F7B0073C200 /* Login */,
			);
			path = Screens;
			sourceTree = "<group>";
		};
		BA4BF08128109F7B0073C200 /* Login */ = {
			isa = PBXGroup;
			children = (
				BA6BD75828114B290079D399 /* LoginCoordinator.swift */,
				BA4BF08328109FB20073C200 /* LoginViewModel.swift */,
				BA4BF08728109FBD0073C200 /* LoginViewController.swift */,
				BA4BF08B2810A49A0073C200 /* LoginViewController.xib */,
			);
			path = Login;
			sourceTree = "<group>";
		};
		BA4BF0902810AB2A0073C200 /* StringsList */ = {
			isa = PBXGroup;
			children = (
				BA6BD76528115BEE0079D399 /* Cell */,
				BA6BD75C28114B4E0079D399 /* StringsListCoordinator.swift */,
				BA4BF0912810AB490073C200 /* StringsListViewModel.swift */,
				BA4BF0952810AB7F0073C200 /* StringsListViewController.swift */,
				BA4BF0962810AB7F0073C200 /* StringsListViewController.xib */,
			);
			path = StringsList;
			sourceTree = "<group>";
		};
		BA6BD7602811526E0079D399 /* Coordinator */ = {
			isa = PBXGroup;
			children = (
				BA6BD75428113E2A0079D399 /* AppCoordinator.swift */,
				BA6BD7612811527F0079D399 /* Coordinator.swift */,
			);
			path = Coordinator;
			sourceTree = "<group>";
		};
		BA6BD76528115BEE0079D399 /* Cell */ = {
			isa = PBXGroup;
			children = (
				BA6BD766281165B70079D399 /* RandomStringCell.swift */,
				BA6BD767281165B70079D399 /* RandomStringCell.xib */,
			);
			path = Cell;
			sourceTree = "<group>";
		};
		BA6BD76E281174820079D399 /* Network */ = {
			isa = PBXGroup;
			children = (
				BA6BD774281175870079D399 /* NetworkService.swift */,
			);
			path = Network;
			sourceTree = "<group>";
		};
		BA6BD76F2811748C0079D399 /* Models */ = {
			isa = PBXGroup;
			children = (
				BA6BD7702811749E0079D399 /* Endpoint.swift */,
				BA6BD7782811775F0079D399 /* RandomStringURLBuilder.swift */,
			);
			path = Models;
			sourceTree = "<group>";
		};
/* End PBXGroup section */

/* Begin PBXNativeTarget section */
		BA4BF04C28109E000073C200 /* MVVMCApp */ = {
			isa = PBXNativeTarget;
			buildConfigurationList = BA4BF07728109E030073C200 /* Build configuration list for PBXNativeTarget "MVVMCApp" */;
			buildPhases = (
				BA4BF04928109E000073C200 /* Sources */,
				BA4BF04A28109E000073C200 /* Frameworks */,
				BA4BF04B28109E000073C200 /* Resources */,
			);
			buildRules = (
			);
			dependencies = (
			);
			name = MVVMCApp;
			productName = MVVMCApp;
			productReference = BA4BF04D28109E000073C200 /* MVVMCApp.app */;
			productType = "com.apple.product-type.application";
		};
		BA4BF06228109E030073C200 /* MVVMCAppTests */ = {
			isa = PBXNativeTarget;
			buildConfigurationList = BA4BF07A28109E030073C200 /* Build configuration list for PBXNativeTarget "MVVMCAppTests" */;
			buildPhases = (
				BA4BF05F28109E030073C200 /* Sources */,
				BA4BF06028109E030073C200 /* Frameworks */,
				BA4BF06128109E030073C200 /* Resources */,
			);
			buildRules = (
			);
			dependencies = (
				BA4BF06528109E030073C200 /* PBXTargetDependency */,
			);
			name = MVVMCAppTests;
			productName = MVVMCAppTests;
			productReference = BA4BF06328109E030073C200 /* MVVMCAppTests.xctest */;
			productType = "com.apple.product-type.bundle.unit-test";
		};
		BA4BF06C28109E030073C200 /* MVVMCAppUITests */ = {
			isa = PBXNativeTarget;
			buildConfigurationList = BA4BF07D28109E030073C200 /* Build configuration list for PBXNativeTarget "MVVMCAppUITests" */;
			buildPhases = (
				BA4BF06928109E030073C200 /* Sources */,
				BA4BF06A28109E030073C200 /* Frameworks */,
				BA4BF06B28109E030073C200 /* Resources */,
			);
			buildRules = (
			);
			dependencies = (
				BA4BF06F28109E030073C200 /* PBXTargetDependency */,
			);
			name = MVVMCAppUITests;
			productName = MVVMCAppUITests;
			productReference = BA4BF06D28109E030073C200 /* MVVMCAppUITests.xctest */;
			productType = "com.apple.product-type.bundle.ui-testing";
		};
/* End PBXNativeTarget section */

/* Begin PBXProject section */
		BA4BF04528109E000073C200 /* Project object */ = {
			isa = PBXProject;
			attributes = {
				BuildIndependentTargetsInParallel = 1;
				LastSwiftUpdateCheck = 1320;
				LastUpgradeCheck = 1320;
				TargetAttributes = {
					BA4BF04C28109E000073C200 = {
						CreatedOnToolsVersion = 13.2.1;
					};
					BA4BF06228109E030073C200 = {
						CreatedOnToolsVersion = 13.2.1;
						TestTargetID = BA4BF04C28109E000073C200;
					};
					BA4BF06C28109E030073C200 = {
						CreatedOnToolsVersion = 13.2.1;
						TestTargetID = BA4BF04C28109E000073C200;
					};
				};
			};
			buildConfigurationList = BA4BF04828109E000073C200 /* Build configuration list for PBXProject "MVVMCApp" */;
			compatibilityVersion = "Xcode 13.0";
			developmentRegion = en;
			hasScannedForEncodings = 0;
			knownRegions = (
				en,
				Base,
			);
			mainGroup = BA4BF04428109E000073C200;
			productRefGroup = BA4BF04E28109E000073C200 /* Products */;
			projectDirPath = "";
			projectRoot = "";
			targets = (
				BA4BF04C28109E000073C200 /* MVVMCApp */,
				BA4BF06228109E030073C200 /* MVVMCAppTests */,
				BA4BF06C28109E030073C200 /* MVVMCAppUITests */,
			);
		};
/* End PBXProject section */

/* Begin PBXResourcesBuildPhase section */
		BA4BF04B28109E000073C200 /* Resources */ = {
			isa = PBXResourcesBuildPhase;
			buildActionMask = 2147483647;
			files = (
				BA4BF08C2810A49A0073C200 /* LoginViewController.xib in Resources */,
				BA4BF05D28109E030073C200 /* LaunchScreen.storyboard in Resources */,
				BA4BF09A2810AB7F0073C200 /* StringsListViewController.xib in Resources */,
				BA4BF05A28109E030073C200 /* Assets.xcassets in Resources */,
				BA6BD76B281165B70079D399 /* RandomStringCell.xib in Resources */,
			);
			runOnlyForDeploymentPostprocessing = 0;
		};
		BA4BF06128109E030073C200 /* Resources */ = {
			isa = PBXResourcesBuildPhase;
			buildActionMask = 2147483647;
			files = (
				BA4BF08D2810A49A0073C200 /* LoginViewController.xib in Resources */,
				BA6BD76C281165B70079D399 /* RandomStringCell.xib in Resources */,
				BA4BF09B2810AB7F0073C200 /* StringsListViewController.xib in Resources */,
			);
			runOnlyForDeploymentPostprocessing = 0;
		};
		BA4BF06B28109E030073C200 /* Resources */ = {
			isa = PBXResourcesBuildPhase;
			buildActionMask = 2147483647;
			files = (
				BA4BF08E2810A49A0073C200 /* LoginViewController.xib in Resources */,
				BA6BD76D281165B70079D399 /* RandomStringCell.xib in Resources */,
				BA4BF09C2810AB7F0073C200 /* StringsListViewController.xib in Resources */,
			);
			runOnlyForDeploymentPostprocessing = 0;
		};
/* End PBXResourcesBuildPhase section */

/* Begin PBXSourcesBuildPhase section */
		BA4BF04928109E000073C200 /* Sources */ = {
			isa = PBXSourcesBuildPhase;
			buildActionMask = 2147483647;
			files = (
				BA6BD75528113E2A0079D399 /* AppCoordinator.swift in Sources */,
				BA4BF08428109FB20073C200 /* LoginViewModel.swift in Sources */,
				BA4BF0972810AB7F0073C200 /* StringsListViewController.swift in Sources */,
				BA6BD7792811775F0079D399 /* RandomStringURLBuilder.swift in Sources */,
				BA4BF05128109E000073C200 /* AppDelegate.swift in Sources */,
				BA6BD75D28114B4E0079D399 /* StringsListCoordinator.swift in Sources */,
				BA6BD7622811527F0079D399 /* Coordinator.swift in Sources */,
				BA4BF08828109FBD0073C200 /* LoginViewController.swift in Sources */,
				BA6BD75928114B290079D399 /* LoginCoordinator.swift in Sources */,
				BA4BF05328109E000073C200 /* SceneDelegate.swift in Sources */,
				BA4BF0922810AB490073C200 /* StringsListViewModel.swift in Sources */,
				BA6BD7712811749E0079D399 /* Endpoint.swift in Sources */,
				BA6BD775281175870079D399 /* NetworkService.swift in Sources */,
				BA6BD768281165B70079D399 /* RandomStringCell.swift in Sources */,
			);
			runOnlyForDeploymentPostprocessing = 0;
		};
		BA4BF05F28109E030073C200 /* Sources */ = {
			isa = PBXSourcesBuildPhase;
			buildActionMask = 2147483647;
			files = (
				BA4BF08928109FBD0073C200 /* LoginViewController.swift in Sources */,
				BA6BD77A2811775F0079D399 /* RandomStringURLBuilder.swift in Sources */,
				BA6BD75E28114B4E0079D399 /* StringsListCoordinator.swift in Sources */,
				BA4BF0982810AB7F0073C200 /* StringsListViewController.swift in Sources */,
				BA6BD75A28114B290079D399 /* LoginCoordinator.swift in Sources */,
				BA4BF08528109FB20073C200 /* LoginViewModel.swift in Sources */,
				BA4BF06828109E030073C200 /* MVVMCAppTests.swift in Sources */,
				BA6BD75628113E2A0079D399 /* AppCoordinator.swift in Sources */,
				BA6BD769281165B70079D399 /* RandomStringCell.swift in Sources */,
				BA4BF0932810AB490073C200 /* StringsListViewModel.swift in Sources */,
				BA6BD7722811749E0079D399 /* Endpoint.swift in Sources */,
				BA6BD776281175870079D399 /* NetworkService.swift in Sources */,
				BA6BD7632811527F0079D399 /* Coordinator.swift in Sources */,
			);
			runOnlyForDeploymentPostprocessing = 0;
		};
		BA4BF06928109E030073C200 /* Sources */ = {
			isa = PBXSourcesBuildPhase;
			buildActionMask = 2147483647;
			files = (
				BA4BF08A28109FBD0073C200 /* LoginViewController.swift in Sources */,
				BA4BF0942810AB490073C200 /* StringsListViewModel.swift in Sources */,
				BA6BD7642811527F0079D399 /* Coordinator.swift in Sources */,
				BA6BD77B2811775F0079D399 /* RandomStringURLBuilder.swift in Sources */,
				BA4BF07428109E030073C200 /* MVVMCAppUITestsLaunchTests.swift in Sources */,
				BA6BD75728113E2A0079D399 /* AppCoordinator.swift in Sources */,
				BA4BF0992810AB7F0073C200 /* StringsListViewController.swift in Sources */,
				BA6BD75F28114B4E0079D399 /* StringsListCoordinator.swift in Sources */,
				BA4BF07228109E030073C200 /* MVVMCAppUITests.swift in Sources */,
				BA6BD75B28114B290079D399 /* LoginCoordinator.swift in Sources */,
				BA4BF08628109FB20073C200 /* LoginViewModel.swift in Sources */,
				BA6BD7732811749E0079D399 /* Endpoint.swift in Sources */,
				BA6BD777281175870079D399 /* NetworkService.swift in Sources */,
				BA6BD76A281165B70079D399 /* RandomStringCell.swift in Sources */,
			);
			runOnlyForDeploymentPostprocessing = 0;
		};
/* End PBXSourcesBuildPhase section */

/* Begin PBXTargetDependency section */
		BA4BF06528109E030073C200 /* PBXTargetDependency */ = {
			isa = PBXTargetDependency;
			target = BA4BF04C28109E000073C200 /* MVVMCApp */;
			targetProxy = BA4BF06428109E030073C200 /* PBXContainerItemProxy */;
		};
		BA4BF06F28109E030073C200 /* PBXTargetDependency */ = {
			isa = PBXTargetDependency;
			target = BA4BF04C28109E000073C200 /* MVVMCApp */;
			targetProxy = BA4BF06E28109E030073C200 /* PBXContainerItemProxy */;
		};
/* End PBXTargetDependency section */

/* Begin PBXVariantGroup section */
		BA4BF05B28109E030073C200 /* LaunchScreen.storyboard */ = {
			isa = PBXVariantGroup;
			children = (
				BA4BF05C28109E030073C200 /* Base */,
			);
			name = LaunchScreen.storyboard;
			sourceTree = "<group>";
		};
/* End PBXVariantGroup section */

/* Begin XCBuildConfiguration section */
		BA4BF07528109E030073C200 /* Debug */ = {
			isa = XCBuildConfiguration;
			buildSettings = {
				ALWAYS_SEARCH_USER_PATHS = NO;
				CLANG_ANALYZER_NONNULL = YES;
				CLANG_ANALYZER_NUMBER_OBJECT_CONVERSION = YES_AGGRESSIVE;
				CLANG_CXX_LANGUAGE_STANDARD = "gnu++17";
				CLANG_CXX_LIBRARY = "libc++";
				CLANG_ENABLE_MODULES = YES;
				CLANG_ENABLE_OBJC_ARC = YES;
				CLANG_ENABLE_OBJC_WEAK = YES;
				CLANG_WARN_BLOCK_CAPTURE_AUTORELEASING = YES;
				CLANG_WARN_BOOL_CONVERSION = YES;
				CLANG_WARN_COMMA = YES;
				CLANG_WARN_CONSTANT_CONVERSION = YES;
				CLANG_WARN_DEPRECATED_OBJC_IMPLEMENTATIONS = YES;
				CLANG_WARN_DIRECT_OBJC_ISA_USAGE = YES_ERROR;
				CLANG_WARN_DOCUMENTATION_COMMENTS = YES;
				CLANG_WARN_EMPTY_BODY = YES;
				CLANG_WARN_ENUM_CONVERSION = YES;
				CLANG_WARN_INFINITE_RECURSION = YES;
				CLANG_WARN_INT_CONVERSION = YES;
				CLANG_WARN_NON_LITERAL_NULL_CONVERSION = YES;
				CLANG_WARN_OBJC_IMPLICIT_RETAIN_SELF = YES;
				CLANG_WARN_OBJC_LITERAL_CONVERSION = YES;
				CLANG_WARN_OBJC_ROOT_CLASS = YES_ERROR;
				CLANG_WARN_QUOTED_INCLUDE_IN_FRAMEWORK_HEADER = YES;
				CLANG_WARN_RANGE_LOOP_ANALYSIS = YES;
				CLANG_WARN_STRICT_PROTOTYPES = YES;
				CLANG_WARN_SUSPICIOUS_MOVE = YES;
				CLANG_WARN_UNGUARDED_AVAILABILITY = YES_AGGRESSIVE;
				CLANG_WARN_UNREACHABLE_CODE = YES;
				CLANG_WARN__DUPLICATE_METHOD_MATCH = YES;
				COPY_PHASE_STRIP = NO;
				DEBUG_INFORMATION_FORMAT = dwarf;
				ENABLE_STRICT_OBJC_MSGSEND = YES;
				ENABLE_TESTABILITY = YES;
				GCC_C_LANGUAGE_STANDARD = gnu11;
				GCC_DYNAMIC_NO_PIC = NO;
				GCC_NO_COMMON_BLOCKS = YES;
				GCC_OPTIMIZATION_LEVEL = 0;
				GCC_PREPROCESSOR_DEFINITIONS = (
					"DEBUG=1",
					"$(inherited)",
				);
				GCC_WARN_64_TO_32_BIT_CONVERSION = YES;
				GCC_WARN_ABOUT_RETURN_TYPE = YES_ERROR;
				GCC_WARN_UNDECLARED_SELECTOR = YES;
				GCC_WARN_UNINITIALIZED_AUTOS = YES_AGGRESSIVE;
				GCC_WARN_UNUSED_FUNCTION = YES;
				GCC_WARN_UNUSED_VARIABLE = YES;
				IPHONEOS_DEPLOYMENT_TARGET = 15.2;
				MTL_ENABLE_DEBUG_INFO = INCLUDE_SOURCE;
				MTL_FAST_MATH = YES;
				ONLY_ACTIVE_ARCH = YES;
				SDKROOT = iphoneos;
				SWIFT_ACTIVE_COMPILATION_CONDITIONS = DEBUG;
				SWIFT_OPTIMIZATION_LEVEL = "-Onone";
			};
			name = Debug;
		};
		BA4BF07628109E030073C200 /* Release */ = {
			isa = XCBuildConfiguration;
			buildSettings = {
				ALWAYS_SEARCH_USER_PATHS = NO;
				CLANG_ANALYZER_NONNULL = YES;
				CLANG_ANALYZER_NUMBER_OBJECT_CONVERSION = YES_AGGRESSIVE;
				CLANG_CXX_LANGUAGE_STANDARD = "gnu++17";
				CLANG_CXX_LIBRARY = "libc++";
				CLANG_ENABLE_MODULES = YES;
				CLANG_ENABLE_OBJC_ARC = YES;
				CLANG_ENABLE_OBJC_WEAK = YES;
				CLANG_WARN_BLOCK_CAPTURE_AUTORELEASING = YES;
				CLANG_WARN_BOOL_CONVERSION = YES;
				CLANG_WARN_COMMA = YES;
				CLANG_WARN_CONSTANT_CONVERSION = YES;
				CLANG_WARN_DEPRECATED_OBJC_IMPLEMENTATIONS = YES;
				CLANG_WARN_DIRECT_OBJC_ISA_USAGE = YES_ERROR;
				CLANG_WARN_DOCUMENTATION_COMMENTS = YES;
				CLANG_WARN_EMPTY_BODY = YES;
				CLANG_WARN_ENUM_CONVERSION = YES;
				CLANG_WARN_INFINITE_RECURSION = YES;
				CLANG_WARN_INT_CONVERSION = YES;
				CLANG_WARN_NON_LITERAL_NULL_CONVERSION = YES;
				CLANG_WARN_OBJC_IMPLICIT_RETAIN_SELF = YES;
				CLANG_WARN_OBJC_LITERAL_CONVERSION = YES;
				CLANG_WARN_OBJC_ROOT_CLASS = YES_ERROR;
				CLANG_WARN_QUOTED_INCLUDE_IN_FRAMEWORK_HEADER = YES;
				CLANG_WARN_RANGE_LOOP_ANALYSIS = YES;
				CLANG_WARN_STRICT_PROTOTYPES = YES;
				CLANG_WARN_SUSPICIOUS_MOVE = YES;
				CLANG_WARN_UNGUARDED_AVAILABILITY = YES_AGGRESSIVE;
				CLANG_WARN_UNREACHABLE_CODE = YES;
				CLANG_WARN__DUPLICATE_METHOD_MATCH = YES;
				COPY_PHASE_STRIP = NO;
				DEBUG_INFORMATION_FORMAT = "dwarf-with-dsym";
				ENABLE_NS_ASSERTIONS = NO;
				ENABLE_STRICT_OBJC_MSGSEND = YES;
				GCC_C_LANGUAGE_STANDARD = gnu11;
				GCC_NO_COMMON_BLOCKS = YES;
				GCC_WARN_64_TO_32_BIT_CONVERSION = YES;
				GCC_WARN_ABOUT_RETURN_TYPE = YES_ERROR;
				GCC_WARN_UNDECLARED_SELECTOR = YES;
				GCC_WARN_UNINITIALIZED_AUTOS = YES_AGGRESSIVE;
				GCC_WARN_UNUSED_FUNCTION = YES;
				GCC_WARN_UNUSED_VARIABLE = YES;
				IPHONEOS_DEPLOYMENT_TARGET = 15.2;
				MTL_ENABLE_DEBUG_INFO = NO;
				MTL_FAST_MATH = YES;
				SDKROOT = iphoneos;
				SWIFT_COMPILATION_MODE = wholemodule;
				SWIFT_OPTIMIZATION_LEVEL = "-O";
				VALIDATE_PRODUCT = YES;
			};
			name = Release;
		};
		BA4BF07828109E030073C200 /* Debug */ = {
			isa = XCBuildConfiguration;
			buildSettings = {
				ASSETCATALOG_COMPILER_APPICON_NAME = AppIcon;
				ASSETCATALOG_COMPILER_GLOBAL_ACCENT_COLOR_NAME = AccentColor;
				CODE_SIGN_STYLE = Automatic;
				CURRENT_PROJECT_VERSION = 1;
				DEVELOPMENT_TEAM = 7698ZCX9PF;
				GENERATE_INFOPLIST_FILE = YES;
				INFOPLIST_FILE = MVVMCApp/Info.plist;
				INFOPLIST_KEY_UIApplicationSupportsIndirectInputEvents = YES;
				INFOPLIST_KEY_UILaunchStoryboardName = LaunchScreen;
				INFOPLIST_KEY_UISupportedInterfaceOrientations_iPad = "UIInterfaceOrientationPortrait UIInterfaceOrientationPortraitUpsideDown UIInterfaceOrientationLandscapeLeft UIInterfaceOrientationLandscapeRight";
				INFOPLIST_KEY_UISupportedInterfaceOrientations_iPhone = "UIInterfaceOrientationPortrait UIInterfaceOrientationLandscapeLeft UIInterfaceOrientationLandscapeRight";
				IPHONEOS_DEPLOYMENT_TARGET = 15.0;
				LD_RUNPATH_SEARCH_PATHS = (
					"$(inherited)",
					"@executable_path/Frameworks",
				);
				MARKETING_VERSION = 1.0;
				PRODUCT_BUNDLE_IDENTIFIER = com.DV.MVVMCApp;
				PRODUCT_NAME = "$(TARGET_NAME)";
				SWIFT_EMIT_LOC_STRINGS = YES;
				SWIFT_VERSION = 5.0;
				TARGETED_DEVICE_FAMILY = "1,2";
			};
			name = Debug;
		};
		BA4BF07928109E030073C200 /* Release */ = {
			isa = XCBuildConfiguration;
			buildSettings = {
				ASSETCATALOG_COMPILER_APPICON_NAME = AppIcon;
				ASSETCATALOG_COMPILER_GLOBAL_ACCENT_COLOR_NAME = AccentColor;
				CODE_SIGN_STYLE = Automatic;
				CURRENT_PROJECT_VERSION = 1;
				DEVELOPMENT_TEAM = 7698ZCX9PF;
				GENERATE_INFOPLIST_FILE = YES;
				INFOPLIST_FILE = MVVMCApp/Info.plist;
				INFOPLIST_KEY_UIApplicationSupportsIndirectInputEvents = YES;
				INFOPLIST_KEY_UILaunchStoryboardName = LaunchScreen;
				INFOPLIST_KEY_UISupportedInterfaceOrientations_iPad = "UIInterfaceOrientationPortrait UIInterfaceOrientationPortraitUpsideDown UIInterfaceOrientationLandscapeLeft UIInterfaceOrientationLandscapeRight";
				INFOPLIST_KEY_UISupportedInterfaceOrientations_iPhone = "UIInterfaceOrientationPortrait UIInterfaceOrientationLandscapeLeft UIInterfaceOrientationLandscapeRight";
				IPHONEOS_DEPLOYMENT_TARGET = 15.0;
				LD_RUNPATH_SEARCH_PATHS = (
					"$(inherited)",
					"@executable_path/Frameworks",
				);
				MARKETING_VERSION = 1.0;
				PRODUCT_BUNDLE_IDENTIFIER = com.DV.MVVMCApp;
				PRODUCT_NAME = "$(TARGET_NAME)";
				SWIFT_EMIT_LOC_STRINGS = YES;
				SWIFT_VERSION = 5.0;
				TARGETED_DEVICE_FAMILY = "1,2";
			};
			name = Release;
		};
		BA4BF07B28109E030073C200 /* Debug */ = {
			isa = XCBuildConfiguration;
			buildSettings = {
				ALWAYS_EMBED_SWIFT_STANDARD_LIBRARIES = YES;
				BUNDLE_LOADER = "$(TEST_HOST)";
				CODE_SIGN_STYLE = Automatic;
				CURRENT_PROJECT_VERSION = 1;
				DEVELOPMENT_TEAM = 7698ZCX9PF;
				GENERATE_INFOPLIST_FILE = YES;
				IPHONEOS_DEPLOYMENT_TARGET = 15.2;
				MARKETING_VERSION = 1.0;
				PRODUCT_BUNDLE_IDENTIFIER = com.DV..MVVMCAppTests;
				PRODUCT_NAME = "$(TARGET_NAME)";
				SWIFT_EMIT_LOC_STRINGS = NO;
				SWIFT_VERSION = 5.0;
				TARGETED_DEVICE_FAMILY = "1,2";
				TEST_HOST = "$(BUILT_PRODUCTS_DIR)/MVVMCApp.app/MVVMCApp";
			};
			name = Debug;
		};
		BA4BF07C28109E030073C200 /* Release */ = {
			isa = XCBuildConfiguration;
			buildSettings = {
				ALWAYS_EMBED_SWIFT_STANDARD_LIBRARIES = YES;
				BUNDLE_LOADER = "$(TEST_HOST)";
				CODE_SIGN_STYLE = Automatic;
				CURRENT_PROJECT_VERSION = 1;
				DEVELOPMENT_TEAM = 7698ZCX9PF;
				GENERATE_INFOPLIST_FILE = YES;
				IPHONEOS_DEPLOYMENT_TARGET = 15.2;
				MARKETING_VERSION = 1.0;
				PRODUCT_BUNDLE_IDENTIFIER = com.DV..MVVMCAppTests;
				PRODUCT_NAME = "$(TARGET_NAME)";
				SWIFT_EMIT_LOC_STRINGS = NO;
				SWIFT_VERSION = 5.0;
				TARGETED_DEVICE_FAMILY = "1,2";
				TEST_HOST = "$(BUILT_PRODUCTS_DIR)/MVVMCApp.app/MVVMCApp";
			};
			name = Release;
		};
		BA4BF07E28109E030073C200 /* Debug */ = {
			isa = XCBuildConfiguration;
			buildSettings = {
				ALWAYS_EMBED_SWIFT_STANDARD_LIBRARIES = YES;
				CODE_SIGN_STYLE = Automatic;
				CURRENT_PROJECT_VERSION = 1;
				DEVELOPMENT_TEAM = 7698ZCX9PF;
				GENERATE_INFOPLIST_FILE = YES;
				MARKETING_VERSION = 1.0;
				PRODUCT_BUNDLE_IDENTIFIER = com.DV..MVVMCAppUITests;
				PRODUCT_NAME = "$(TARGET_NAME)";
				SWIFT_EMIT_LOC_STRINGS = NO;
				SWIFT_VERSION = 5.0;
				TARGETED_DEVICE_FAMILY = "1,2";
				TEST_TARGET_NAME = MVVMCApp;
			};
			name = Debug;
		};
		BA4BF07F28109E030073C200 /* Release */ = {
			isa = XCBuildConfiguration;
			buildSettings = {
				ALWAYS_EMBED_SWIFT_STANDARD_LIBRARIES = YES;
				CODE_SIGN_STYLE = Automatic;
				CURRENT_PROJECT_VERSION = 1;
				DEVELOPMENT_TEAM = 7698ZCX9PF;
				GENERATE_INFOPLIST_FILE = YES;
				MARKETING_VERSION = 1.0;
				PRODUCT_BUNDLE_IDENTIFIER = com.DV..MVVMCAppUITests;
				PRODUCT_NAME = "$(TARGET_NAME)";
				SWIFT_EMIT_LOC_STRINGS = NO;
				SWIFT_VERSION = 5.0;
				TARGETED_DEVICE_FAMILY = "1,2";
				TEST_TARGET_NAME = MVVMCApp;
			};
			name = Release;
		};
/* End XCBuildConfiguration section */

/* Begin XCConfigurationList section */
		BA4BF04828109E000073C200 /* Build configuration list for PBXProject "MVVMCApp" */ = {
			isa = XCConfigurationList;
			buildConfigurations = (
				BA4BF07528109E030073C200 /* Debug */,
				BA4BF07628109E030073C200 /* Release */,
			);
			defaultConfigurationIsVisible = 0;
			defaultConfigurationName = Release;
		};
		BA4BF07728109E030073C200 /* Build configuration list for PBXNativeTarget "MVVMCApp" */ = {
			isa = XCConfigurationList;
			buildConfigurations = (
				BA4BF07828109E030073C200 /* Debug */,
				BA4BF07928109E030073C200 /* Release */,
			);
			defaultConfigurationIsVisible = 0;
			defaultConfigurationName = Release;
		};
		BA4BF07A28109E030073C200 /* Build configuration list for PBXNativeTarget "MVVMCAppTests" */ = {
			isa = XCConfigurationList;
			buildConfigurations = (
				BA4BF07B28109E030073C200 /* Debug */,
				BA4BF07C28109E030073C200 /* Release */,
			);
			defaultConfigurationIsVisible = 0;
			defaultConfigurationName = Release;
		};
		BA4BF07D28109E030073C200 /* Build configuration list for PBXNativeTarget "MVVMCAppUITests" */ = {
			isa = XCConfigurationList;
			buildConfigurations = (
				BA4BF07E28109E030073C200 /* Debug */,
				BA4BF07F28109E030073C200 /* Release */,
			);
			defaultConfigurationIsVisible = 0;
			defaultConfigurationName = Release;
		};
/* End XCConfigurationList section */
	};
	rootObject = BA4BF04528109E000073C200 /* Project object */;
}
